
Microsoft Visual Studio Solution File, Format Version 12.00
# Visual Studio 15
VisualStudioVersion = 15.0.26730.12
MinimumVisualStudioVersion = 10.0.40219.1
Project("{FAE04EC0-301F-11D3-BF4B-00C04F79EFBC}") = "Warship", "Warship\Warship.csproj", "{E3EE9977-C755-413E-8CD6-21710771895E}"
EndProject
Global
	GlobalSection(SolutionConfigurationPlatforms) = preSolution
		Debug|Any CPU = Debug|Any CPU
		Release|Any CPU = Release|Any CPU
	EndGlobalSection
	GlobalSection(ProjectConfigurationPlatforms) = postSolution
		{E3EE9977-C755-413E-8CD6-21710771895E}.Debug|Any CPU.ActiveCfg = Debug|Any CPU
		{E3EE9977-C755-413E-8CD6-21710771895E}.Debug|Any CPU.Build.0 = Debug|Any CPU
		{E3EE9977-C755-413E-8CD6-21710771895E}.Release|Any CPU.ActiveCfg = Release|Any CPU
		{E3EE9977-C755-413E-8CD6-21710771895E}.Release|Any CPU.Build.0 = Release|Any CPU
	EndGlobalSection
	GlobalSection(SolutionProperties) = preSolution
		HideSolutionNode = FALSE
	EndGlobalSection
	GlobalSection(ExtensibilityGlobals) = postSolution
		SolutionGuid = {4166E1C2-DE33-48A1-94D3-E6919F9471E3}
	EndGlobalSection
EndGlobal
